
Microsoft Visual Studio Solution File, Format Version 12.00
# Visual Studio Version 17
VisualStudioVersion = 17.2.32526.322
MinimumVisualStudioVersion = 10.0.40219.1
Project("{FAE04EC0-301F-11D3-BF4B-00C04F79EFBC}") = "BookingWeb.Web", "BookingWeb.Web.csproj", "{660AFE12-F0B8-4810-9C71-6230DDD05134}"
EndProject
Project("{FAE04EC0-301F-11D3-BF4B-00C04F79EFBC}") = "BookingWeb.DataAccess", "..\BookingWeb.DataAccess\BookingWeb.DataAccess.csproj", "{A67C8EAB-C86A-4470-A57A-13C3DB0442C5}"
EndProject
Project("{FAE04EC0-301F-11D3-BF4B-00C04F79EFBC}") = "BookingWeb.Models", "..\BookingWeb.Models\BookingWeb.Models.csproj", "{3E868403-DB80-403B-BA09-30EA0F9D73DC}"
EndProject
Global
	GlobalSection(SolutionConfigurationPlatforms) = preSolution
		Debug|Any CPU = Debug|Any CPU
		Release|Any CPU = Release|Any CPU
	EndGlobalSection
	GlobalSection(ProjectConfigurationPlatforms) = postSolution
		{660AFE12-F0B8-4810-9C71-6230DDD05134}.Debug|Any CPU.ActiveCfg = Debug|Any CPU
		{660AFE12-F0B8-4810-9C71-6230DDD05134}.Debug|Any CPU.Build.0 = Debug|Any CPU
		{660AFE12-F0B8-4810-9C71-6230DDD05134}.Release|Any CPU.ActiveCfg = Release|Any CPU
		{660AFE12-F0B8-4810-9C71-6230DDD05134}.Release|Any CPU.Build.0 = Release|Any CPU
		{A67C8EAB-C86A-4470-A57A-13C3DB0442C5}.Debug|Any CPU.ActiveCfg = Debug|Any CPU
		{A67C8EAB-C86A-4470-A57A-13C3DB0442C5}.Debug|Any CPU.Build.0 = Debug|Any CPU
		{A67C8EAB-C86A-4470-A57A-13C3DB0442C5}.Release|Any CPU.ActiveCfg = Release|Any CPU
		{A67C8EAB-C86A-4470-A57A-13C3DB0442C5}.Release|Any CPU.Build.0 = Release|Any CPU
		{3E868403-DB80-403B-BA09-30EA0F9D73DC}.Debug|Any CPU.ActiveCfg = Debug|Any CPU
		{3E868403-DB80-403B-BA09-30EA0F9D73DC}.Debug|Any CPU.Build.0 = Debug|Any CPU
		{3E868403-DB80-403B-BA09-30EA0F9D73DC}.Release|Any CPU.ActiveCfg = Release|Any CPU
		{3E868403-DB80-403B-BA09-30EA0F9D73DC}.Release|Any CPU.Build.0 = Release|Any CPU
	EndGlobalSection
	GlobalSection(SolutionProperties) = preSolution
		HideSolutionNode = FALSE
	EndGlobalSection
	GlobalSection(ExtensibilityGlobals) = postSolution
		SolutionGuid = {F0A12153-2271-46FA-AAF1-24C164CB093A}
	EndGlobalSection
EndGlobal
